---
:runtime:
- com.fasterxml.jackson.core:jackson-core:jar:2.6.2
- com.fasterxml.jackson.datatype:jackson-datatype-guava:jar:2.6.2
- org.javassist:javassist:jar:3.19.0-GA
- io.netty:netty-handler:jar:4.1.0.CR6
- io.netty:netty-resolver:jar:4.1.0.CR6
- io.ratpack:ratpack-core:jar:1.3.1
- org.yaml:snakeyaml:jar:1.15
- com.fasterxml.jackson.datatype:jackson-datatype-jsr310:jar:2.6.2
- com.fasterxml.jackson.datatype:jackson-datatype-jdk7:jar:2.6.2
- org.slf4j:slf4j-simple:jar:1.7.10
- com.fasterxml.jackson.datatype:jackson-datatype-jdk8:jar:2.6.2
- com.github.ben-manes.caffeine:caffeine:jar:2.2.6
- org.reactivestreams:reactive-streams:jar:1.0.0
- io.netty:netty-transport:jar:4.1.0.CR6
- com.fasterxml.jackson.dataformat:jackson-dataformat-yaml:jar:2.6.2
- org.slf4j:slf4j-api:jar:1.7.12
- com.google.guava:guava:jar:18.0
- io.netty:netty-buffer:jar:4.1.0.CR6
- io.netty:netty-common:jar:4.1.0.CR6
- io.netty:netty-codec-http:jar:4.1.0.CR6
- io.netty:netty-codec:jar:4.1.0.CR6
- io.netty:netty-transport-native-epoll:jar:linux-x86_64:4.1.0.CR6
- com.fasterxml.jackson.core:jackson-databind:jar:2.6.2
- com.fasterxml.jackson.core:jackson-annotations:jar:2.6.0
